
Microsoft Visual Studio Solution File, Format Version 12.00
# Visual Studio Version 17
VisualStudioVersion = 17.12.35514.174 d17.12
MinimumVisualStudioVersion = 10.0.40219.1
Project("{FAE04EC0-301F-11D3-BF4B-00C04F79EFBC}") = "BooksApi", "BooksApi\BooksApi.csproj", "{FCA32E92-E682-42F6-A3BC-03F9977EDCE1}"
EndProject
Project("{FAE04EC0-301F-11D3-BF4B-00C04F79EFBC}") = "Books.Common", "Books.Common\Books.Common.csproj", "{652FBDAD-EBB5-41C3-85DC-C7B586D918C6}"
EndProject
Project("{FAE04EC0-301F-11D3-BF4B-00C04F79EFBC}") = "BooksClient", "BooksClient\BooksClient.csproj", "{B728EFC0-297E-4D17-9C63-21D7A7C8E82C}"
EndProject
Global
	GlobalSection(SolutionConfigurationPlatforms) = preSolution
		Debug|Any CPU = Debug|Any CPU
		Release|Any CPU = Release|Any CPU
	EndGlobalSection
	GlobalSection(ProjectConfigurationPlatforms) = postSolution
		{FCA32E92-E682-42F6-A3BC-03F9977EDCE1}.Debug|Any CPU.ActiveCfg = Debug|Any CPU
		{FCA32E92-E682-42F6-A3BC-03F9977EDCE1}.Debug|Any CPU.Build.0 = Debug|Any CPU
		{FCA32E92-E682-42F6-A3BC-03F9977EDCE1}.Release|Any CPU.ActiveCfg = Release|Any CPU
		{FCA32E92-E682-42F6-A3BC-03F9977EDCE1}.Release|Any CPU.Build.0 = Release|Any CPU
		{652FBDAD-EBB5-41C3-85DC-C7B586D918C6}.Debug|Any CPU.ActiveCfg = Debug|Any CPU
		{652FBDAD-EBB5-41C3-85DC-C7B586D918C6}.Debug|Any CPU.Build.0 = Debug|Any CPU
		{652FBDAD-EBB5-41C3-85DC-C7B586D918C6}.Release|Any CPU.ActiveCfg = Release|Any CPU
		{652FBDAD-EBB5-41C3-85DC-C7B586D918C6}.Release|Any CPU.Build.0 = Release|Any CPU
		{B728EFC0-297E-4D17-9C63-21D7A7C8E82C}.Debug|Any CPU.ActiveCfg = Debug|Any CPU
		{B728EFC0-297E-4D17-9C63-21D7A7C8E82C}.Debug|Any CPU.Build.0 = Debug|Any CPU
		{B728EFC0-297E-4D17-9C63-21D7A7C8E82C}.Release|Any CPU.ActiveCfg = Release|Any CPU
		{B728EFC0-297E-4D17-9C63-21D7A7C8E82C}.Release|Any CPU.Build.0 = Release|Any CPU
	EndGlobalSection
	GlobalSection(SolutionProperties) = preSolution
		HideSolutionNode = FALSE
	EndGlobalSection
EndGlobal
